
Microsoft Visual Studio Solution File, Format Version 12.00
# Visual Studio 15
VisualStudioVersion = 15.0.28010.2003
MinimumVisualStudioVersion = 10.0.40219.1
Project("{FAE04EC0-301F-11D3-BF4B-00C04F79EFBC}") = "Laba2_Klaster.ImageProcessing", "Laba1_Gisto.ImageProcessing\Laba2_Klaster.ImageProcessing.csproj", "{27D4890C-6043-45F2-B015-0FE746379368}"
EndProject
Project("{FAE04EC0-301F-11D3-BF4B-00C04F79EFBC}") = "Laba2_Klaster", "Laba1_Gisto\Laba2_Klaster.csproj", "{753E8F49-7472-4D62-A790-8F6666EB89D9}"
EndProject
Project("{FAE04EC0-301F-11D3-BF4B-00C04F79EFBC}") = "Laba2_Klaster.Klasterization", "Laba2_Klaster.Klasterization\Laba2_Klaster.Klasterization.csproj", "{F446875B-6EEC-4C16-B585-1D4593CC7C6B}"
EndProject
Project("{FAE04EC0-301F-11D3-BF4B-00C04F79EFBC}") = "Laba2_Klaster.Klasterization.Tests", "Laba2_Klaster.Klasterization.Tests\Laba2_Klaster.Klasterization.Tests.csproj", "{6E4B2E61-B4AC-47CE-95E5-92CD7648AA8A}"
EndProject
Global
	GlobalSection(SolutionConfigurationPlatforms) = preSolution
		Debug|Any CPU = Debug|Any CPU
		Release|Any CPU = Release|Any CPU
	EndGlobalSection
	GlobalSection(ProjectConfigurationPlatforms) = postSolution
		{27D4890C-6043-45F2-B015-0FE746379368}.Debug|Any CPU.ActiveCfg = Debug|Any CPU
		{27D4890C-6043-45F2-B015-0FE746379368}.Debug|Any CPU.Build.0 = Debug|Any CPU
		{27D4890C-6043-45F2-B015-0FE746379368}.Release|Any CPU.ActiveCfg = Release|Any CPU
		{27D4890C-6043-45F2-B015-0FE746379368}.Release|Any CPU.Build.0 = Release|Any CPU
		{753E8F49-7472-4D62-A790-8F6666EB89D9}.Debug|Any CPU.ActiveCfg = Debug|Any CPU
		{753E8F49-7472-4D62-A790-8F6666EB89D9}.Debug|Any CPU.Build.0 = Debug|Any CPU
		{753E8F49-7472-4D62-A790-8F6666EB89D9}.Release|Any CPU.ActiveCfg = Release|Any CPU
		{753E8F49-7472-4D62-A790-8F6666EB89D9}.Release|Any CPU.Build.0 = Release|Any CPU
		{F446875B-6EEC-4C16-B585-1D4593CC7C6B}.Debug|Any CPU.ActiveCfg = Debug|Any CPU
		{F446875B-6EEC-4C16-B585-1D4593CC7C6B}.Debug|Any CPU.Build.0 = Debug|Any CPU
		{F446875B-6EEC-4C16-B585-1D4593CC7C6B}.Release|Any CPU.ActiveCfg = Release|Any CPU
		{F446875B-6EEC-4C16-B585-1D4593CC7C6B}.Release|Any CPU.Build.0 = Release|Any CPU
		{6E4B2E61-B4AC-47CE-95E5-92CD7648AA8A}.Debug|Any CPU.ActiveCfg = Debug|Any CPU
		{6E4B2E61-B4AC-47CE-95E5-92CD7648AA8A}.Debug|Any CPU.Build.0 = Debug|Any CPU
		{6E4B2E61-B4AC-47CE-95E5-92CD7648AA8A}.Release|Any CPU.ActiveCfg = Release|Any CPU
		{6E4B2E61-B4AC-47CE-95E5-92CD7648AA8A}.Release|Any CPU.Build.0 = Release|Any CPU
	EndGlobalSection
	GlobalSection(SolutionProperties) = preSolution
		HideSolutionNode = FALSE
	EndGlobalSection
	GlobalSection(ExtensibilityGlobals) = postSolution
		SolutionGuid = {39D19F2F-36CB-4AE3-9463-D2C31DAA887C}
	EndGlobalSection
EndGlobal
